
Microsoft Visual Studio Solution File, Format Version 12.00
# Visual Studio Version 17
VisualStudioVersion = 17.5.002.0
MinimumVisualStudioVersion = 10.0.40219.1
Project("{9A19103F-16F7-4668-BE54-9A1E7A4F7556}") = "Variaveis", "Variaveis\Variaveis.csproj", "{66D3F56F-A0F8-4806-B412-2959C04B9DFD}"
EndProject
Global
	GlobalSection(SolutionConfigurationPlatforms) = preSolution
		Debug|Any CPU = Debug|Any CPU
		Release|Any CPU = Release|Any CPU
	EndGlobalSection
	GlobalSection(ProjectConfigurationPlatforms) = postSolution
		{66D3F56F-A0F8-4806-B412-2959C04B9DFD}.Debug|Any CPU.ActiveCfg = Debug|Any CPU
		{66D3F56F-A0F8-4806-B412-2959C04B9DFD}.Debug|Any CPU.Build.0 = Debug|Any CPU
		{66D3F56F-A0F8-4806-B412-2959C04B9DFD}.Release|Any CPU.ActiveCfg = Release|Any CPU
		{66D3F56F-A0F8-4806-B412-2959C04B9DFD}.Release|Any CPU.Build.0 = Release|Any CPU
	EndGlobalSection
	GlobalSection(SolutionProperties) = preSolution
		HideSolutionNode = FALSE
	EndGlobalSection
	GlobalSection(ExtensibilityGlobals) = postSolution
		SolutionGuid = {28D388FF-85A5-447D-99D1-389C1AC9DB7D}
	EndGlobalSection
EndGlobal
